
Microsoft Visual Studio Solution File, Format Version 12.00
# Visual Studio 15
VisualStudioVersion = 15.0.27004.2002
MinimumVisualStudioVersion = 10.0.40219.1
Project("{FAE04EC0-301F-11D3-BF4B-00C04F79EFBC}") = "UniversityApp", "UniversityApp\UniversityApp.csproj", "{1BA6F7E4-218C-412D-8DDC-F905E0495CE0}"
EndProject
Global
	GlobalSection(SolutionConfigurationPlatforms) = preSolution
		Debug|Any CPU = Debug|Any CPU
		Release|Any CPU = Release|Any CPU
	EndGlobalSection
	GlobalSection(ProjectConfigurationPlatforms) = postSolution
		{1BA6F7E4-218C-412D-8DDC-F905E0495CE0}.Debug|Any CPU.ActiveCfg = Debug|Any CPU
		{1BA6F7E4-218C-412D-8DDC-F905E0495CE0}.Debug|Any CPU.Build.0 = Debug|Any CPU
		{1BA6F7E4-218C-412D-8DDC-F905E0495CE0}.Release|Any CPU.ActiveCfg = Release|Any CPU
		{1BA6F7E4-218C-412D-8DDC-F905E0495CE0}.Release|Any CPU.Build.0 = Release|Any CPU
	EndGlobalSection
	GlobalSection(SolutionProperties) = preSolution
		HideSolutionNode = FALSE
	EndGlobalSection
	GlobalSection(ExtensibilityGlobals) = postSolution
		SolutionGuid = {7E68723B-EEA2-4AE7-93D4-EDAC46587324}
	EndGlobalSection
EndGlobal
